// !$*UTF8*$!
{
	archiveVersion = 1;
	classes = {
	};
	objectVersion = 56;
	objects = {

/* Begin PBXBuildFile section */
		EF250EBE2C8EC9FB0079E366 /* AuthButton.swift in Sources */ = {isa = PBXBuildFile; fileRef = EF250EBD2C8EC9FB0079E366 /* AuthButton.swift */; };
		EFF3A5912C789CDF00CEEDC5 /* AppDelegate.swift in Sources */ = {isa = PBXBuildFile; fileRef = EFF3A5902C789CDF00CEEDC5 /* AppDelegate.swift */; };
		EFF3A5932C789CDF00CEEDC5 /* SceneDelegate.swift in Sources */ = {isa = PBXBuildFile; fileRef = EFF3A5922C789CDF00CEEDC5 /* SceneDelegate.swift */; };
		EFF3A5982C789CDF00CEEDC5 /* Base in Resources */ = {isa = PBXBuildFile; fileRef = EFF3A5972C789CDF00CEEDC5 /* Base */; };
		EFF3A59A2C789CE000CEEDC5 /* Assets.xcassets in Resources */ = {isa = PBXBuildFile; fileRef = EFF3A5992C789CE000CEEDC5 /* Assets.xcassets */; };
		EFF3A59D2C789CE000CEEDC5 /* Base in Resources */ = {isa = PBXBuildFile; fileRef = EFF3A59C2C789CE000CEEDC5 /* Base */; };
		EFF3A5AB2C789D5100CEEDC5 /* LoginController.swift in Sources */ = {isa = PBXBuildFile; fileRef = EFF3A5AA2C789D5100CEEDC5 /* LoginController.swift */; };
		EFF3A5AD2C899B3700CEEDC5 /* Extensions.swift in Sources */ = {isa = PBXBuildFile; fileRef = EFF3A5AC2C899B3700CEEDC5 /* Extensions.swift */; };
		EFF3A5AF2C8C246D00CEEDC5 /* SignUpController.swift in Sources */ = {isa = PBXBuildFile; fileRef = EFF3A5AE2C8C246D00CEEDC5 /* SignUpController.swift */; };
/* End PBXBuildFile section */

/* Begin PBXFileReference section */
		EF250EBD2C8EC9FB0079E366 /* AuthButton.swift */ = {isa = PBXFileReference; lastKnownFileType = sourcecode.swift; path = AuthButton.swift; sourceTree = "<group>"; };
		EFF3A58D2C789CDF00CEEDC5 /* UberClone.app */ = {isa = PBXFileReference; explicitFileType = wrapper.application; includeInIndex = 0; path = UberClone.app; sourceTree = BUILT_PRODUCTS_DIR; };
		EFF3A5902C789CDF00CEEDC5 /* AppDelegate.swift */ = {isa = PBXFileReference; lastKnownFileType = sourcecode.swift; path = AppDelegate.swift; sourceTree = "<group>"; };
		EFF3A5922C789CDF00CEEDC5 /* SceneDelegate.swift */ = {isa = PBXFileReference; lastKnownFileType = sourcecode.swift; path = SceneDelegate.swift; sourceTree = "<group>"; };
		EFF3A5972C789CDF00CEEDC5 /* Base */ = {isa = PBXFileReference; lastKnownFileType = file.storyboard; name = Base; path = Base.lproj/Main.storyboard; sourceTree = "<group>"; };
		EFF3A5992C789CE000CEEDC5 /* Assets.xcassets */ = {isa = PBXFileReference; lastKnownFileType = folder.assetcatalog; path = Assets.xcassets; sourceTree = "<group>"; };
		EFF3A59C2C789CE000CEEDC5 /* Base */ = {isa = PBXFileReference; lastKnownFileType = file.storyboard; name = Base; path = Base.lproj/LaunchScreen.storyboard; sourceTree = "<group>"; };
		EFF3A59E2C789CE000CEEDC5 /* Info.plist */ = {isa = PBXFileReference; lastKnownFileType = text.plist.xml; path = Info.plist; sourceTree = "<group>"; };
		EFF3A5AA2C789D5100CEEDC5 /* LoginController.swift */ = {isa = PBXFileReference; lastKnownFileType = sourcecode.swift; path = LoginController.swift; sourceTree = "<group>"; };
		EFF3A5AC2C899B3700CEEDC5 /* Extensions.swift */ = {isa = PBXFileReference; lastKnownFileType = sourcecode.swift; path = Extensions.swift; sourceTree = "<group>"; };
		EFF3A5AE2C8C246D00CEEDC5 /* SignUpController.swift */ = {isa = PBXFileReference; lastKnownFileType = sourcecode.swift; path = SignUpController.swift; sourceTree = "<group>"; };
/* End PBXFileReference section */

/* Begin PBXFrameworksBuildPhase section */
		EFF3A58A2C789CDF00CEEDC5 /* Frameworks */ = {
			isa = PBXFrameworksBuildPhase;
			buildActionMask = 2147483647;
			files = (
			);
			runOnlyForDeploymentPostprocessing = 0;
		};
/* End PBXFrameworksBuildPhase section */

/* Begin PBXGroup section */
		EFF3A5842C789CDF00CEEDC5 = {
			isa = PBXGroup;
			children = (
				EFF3A58F2C789CDF00CEEDC5 /* UberClone */,
				EFF3A58E2C789CDF00CEEDC5 /* Products */,
			);
			sourceTree = "<group>";
		};
		EFF3A58E2C789CDF00CEEDC5 /* Products */ = {
			isa = PBXGroup;
			children = (
				EFF3A58D2C789CDF00CEEDC5 /* UberClone.app */,
			);
			name = Products;
			sourceTree = "<group>";
		};
		EFF3A58F2C789CDF00CEEDC5 /* UberClone */ = {
			isa = PBXGroup;
			children = (
				EFF3A5A92C789D2800CEEDC5 /* Model */,
				EFF3A5A82C789D2400CEEDC5 /* View */,
				EFF3A5A62C789D1B00CEEDC5 /* Controller */,
				EFF3A5A52C789D1800CEEDC5 /* Service */,
				EFF3A5A42C789D0600CEEDC5 /* Utils */,
				EFF3A5902C789CDF00CEEDC5 /* AppDelegate.swift */,
				EFF3A5922C789CDF00CEEDC5 /* SceneDelegate.swift */,
				EFF3A5962C789CDF00CEEDC5 /* Main.storyboard */,
				EFF3A5992C789CE000CEEDC5 /* Assets.xcassets */,
				EFF3A59B2C789CE000CEEDC5 /* LaunchScreen.storyboard */,
				EFF3A59E2C789CE000CEEDC5 /* Info.plist */,
			);
			path = UberClone;
			sourceTree = "<group>";
		};
		EFF3A5A42C789D0600CEEDC5 /* Utils */ = {
			isa = PBXGroup;
			children = (
				EFF3A5AC2C899B3700CEEDC5 /* Extensions.swift */,
			);
			path = Utils;
			sourceTree = "<group>";
		};
		EFF3A5A52C789D1800CEEDC5 /* Service */ = {
			isa = PBXGroup;
			children = (
			);
			path = Service;
			sourceTree = "<group>";
		};
		EFF3A5A62C789D1B00CEEDC5 /* Controller */ = {
			isa = PBXGroup;
			children = (
				EFF3A5AA2C789D5100CEEDC5 /* LoginController.swift */,
				EFF3A5AE2C8C246D00CEEDC5 /* SignUpController.swift */,
			);
			path = Controller;
			sourceTree = "<group>";
		};
		EFF3A5A82C789D2400CEEDC5 /* View */ = {
			isa = PBXGroup;
			children = (
				EF250EBD2C8EC9FB0079E366 /* AuthButton.swift */,
			);
			path = View;
			sourceTree = "<group>";
		};
		EFF3A5A92C789D2800CEEDC5 /* Model */ = {
			isa = PBXGroup;
			children = (
			);
			path = Model;
			sourceTree = "<group>";
		};
/* End PBXGroup section */

/* Begin PBXNativeTarget section */
		EFF3A58C2C789CDF00CEEDC5 /* UberClone */ = {
			isa = PBXNativeTarget;
			buildConfigurationList = EFF3A5A12C789CE000CEEDC5 /* Build configuration list for PBXNativeTarget "UberClone" */;
			buildPhases = (
				EFF3A5892C789CDF00CEEDC5 /* Sources */,
				EFF3A58A2C789CDF00CEEDC5 /* Frameworks */,
				EFF3A58B2C789CDF00CEEDC5 /* Resources */,
			);
			buildRules = (
			);
			dependencies = (
			);
			name = UberClone;
			productName = UberClone;
			productReference = EFF3A58D2C789CDF00CEEDC5 /* UberClone.app */;
			productType = "com.apple.product-type.application";
		};
/* End PBXNativeTarget section */

/* Begin PBXProject section */
		EFF3A5852C789CDF00CEEDC5 /* Project object */ = {
			isa = PBXProject;
			attributes = {
				BuildIndependentTargetsInParallel = 1;
				LastSwiftUpdateCheck = 1540;
				LastUpgradeCheck = 1540;
				TargetAttributes = {
					EFF3A58C2C789CDF00CEEDC5 = {
						CreatedOnToolsVersion = 15.4;
					};
				};
			};
			buildConfigurationList = EFF3A5882C789CDF00CEEDC5 /* Build configuration list for PBXProject "UberClone" */;
			compatibilityVersion = "Xcode 14.0";
			developmentRegion = en;
			hasScannedForEncodings = 0;
			knownRegions = (
				en,
				Base,
			);
			mainGroup = EFF3A5842C789CDF00CEEDC5;
			productRefGroup = EFF3A58E2C789CDF00CEEDC5 /* Products */;
			projectDirPath = "";
			projectRoot = "";
			targets = (
				EFF3A58C2C789CDF00CEEDC5 /* UberClone */,
			);
		};
/* End PBXProject section */

/* Begin PBXResourcesBuildPhase section */
		EFF3A58B2C789CDF00CEEDC5 /* Resources */ = {
			isa = PBXResourcesBuildPhase;
			buildActionMask = 2147483647;
			files = (
				EFF3A59A2C789CE000CEEDC5 /* Assets.xcassets in Resources */,
				EFF3A59D2C789CE000CEEDC5 /* Base in Resources */,
				EFF3A5982C789CDF00CEEDC5 /* Base in Resources */,
			);
			runOnlyForDeploymentPostprocessing = 0;
		};
/* End PBXResourcesBuildPhase section */

/* Begin PBXSourcesBuildPhase section */
		EFF3A5892C789CDF00CEEDC5 /* Sources */ = {
			isa = PBXSourcesBuildPhase;
			buildActionMask = 2147483647;
			files = (
				EFF3A5AF2C8C246D00CEEDC5 /* SignUpController.swift in Sources */,
				EF250EBE2C8EC9FB0079E366 /* AuthButton.swift in Sources */,
				EFF3A5912C789CDF00CEEDC5 /* AppDelegate.swift in Sources */,
				EFF3A5AB2C789D5100CEEDC5 /* LoginController.swift in Sources */,
				EFF3A5932C789CDF00CEEDC5 /* SceneDelegate.swift in Sources */,
				EFF3A5AD2C899B3700CEEDC5 /* Extensions.swift in Sources */,
			);
			runOnlyForDeploymentPostprocessing = 0;
		};
/* End PBXSourcesBuildPhase section */

/* Begin PBXVariantGroup section */
		EFF3A5962C789CDF00CEEDC5 /* Main.storyboard */ = {
			isa = PBXVariantGroup;
			children = (
				EFF3A5972C789CDF00CEEDC5 /* Base */,
			);
			name = Main.storyboard;
			sourceTree = "<group>";
		};
		EFF3A59B2C789CE000CEEDC5 /* LaunchScreen.storyboard */ = {
			isa = PBXVariantGroup;
			children = (
				EFF3A59C2C789CE000CEEDC5 /* Base */,
			);
			name = LaunchScreen.storyboard;
			sourceTree = "<group>";
		};
/* End PBXVariantGroup section */

/* Begin XCBuildConfiguration section */
		EFF3A59F2C789CE000CEEDC5 /* Debug */ = {
			isa = XCBuildConfiguration;
			buildSettings = {
				ALWAYS_SEARCH_USER_PATHS = NO;
				ASSETCATALOG_COMPILER_GENERATE_SWIFT_ASSET_SYMBOL_EXTENSIONS = YES;
				CLANG_ANALYZER_NONNULL = YES;
				CLANG_ANALYZER_NUMBER_OBJECT_CONVERSION = YES_AGGRESSIVE;
				CLANG_CXX_LANGUAGE_STANDARD = "gnu++20";
				CLANG_ENABLE_MODULES = YES;
				CLANG_ENABLE_OBJC_ARC = YES;
				CLANG_ENABLE_OBJC_WEAK = YES;
				CLANG_WARN_BLOCK_CAPTURE_AUTORELEASING = YES;
				CLANG_WARN_BOOL_CONVERSION = YES;
				CLANG_WARN_COMMA = YES;
				CLANG_WARN_CONSTANT_CONVERSION = YES;
				CLANG_WARN_DEPRECATED_OBJC_IMPLEMENTATIONS = YES;
				CLANG_WARN_DIRECT_OBJC_ISA_USAGE = YES_ERROR;
				CLANG_WARN_DOCUMENTATION_COMMENTS = YES;
				CLANG_WARN_EMPTY_BODY = YES;
				CLANG_WARN_ENUM_CONVERSION = YES;
				CLANG_WARN_INFINITE_RECURSION = YES;
				CLANG_WARN_INT_CONVERSION = YES;
				CLANG_WARN_NON_LITERAL_NULL_CONVERSION = YES;
				CLANG_WARN_OBJC_IMPLICIT_RETAIN_SELF = YES;
				CLANG_WARN_OBJC_LITERAL_CONVERSION = YES;
				CLANG_WARN_OBJC_ROOT_CLASS = YES_ERROR;
				CLANG_WARN_QUOTED_INCLUDE_IN_FRAMEWORK_HEADER = YES;
				CLANG_WARN_RANGE_LOOP_ANALYSIS = YES;
				CLANG_WARN_STRICT_PROTOTYPES = YES;
				CLANG_WARN_SUSPICIOUS_MOVE = YES;
				CLANG_WARN_UNGUARDED_AVAILABILITY = YES_AGGRESSIVE;
				CLANG_WARN_UNREACHABLE_CODE = YES;
				CLANG_WARN__DUPLICATE_METHOD_MATCH = YES;
				COPY_PHASE_STRIP = NO;
				DEBUG_INFORMATION_FORMAT = dwarf;
				ENABLE_STRICT_OBJC_MSGSEND = YES;
				ENABLE_TESTABILITY = YES;
				ENABLE_USER_SCRIPT_SANDBOXING = YES;
				GCC_C_LANGUAGE_STANDARD = gnu17;
				GCC_DYNAMIC_NO_PIC = NO;
				GCC_NO_COMMON_BLOCKS = YES;
				GCC_OPTIMIZATION_LEVEL = 0;
				GCC_PREPROCESSOR_DEFINITIONS = (
					"DEBUG=1",
					"$(inherited)",
				);
				GCC_WARN_64_TO_32_BIT_CONVERSION = YES;
				GCC_WARN_ABOUT_RETURN_TYPE = YES_ERROR;
				GCC_WARN_UNDECLARED_SELECTOR = YES;
				GCC_WARN_UNINITIALIZED_AUTOS = YES_AGGRESSIVE;
				GCC_WARN_UNUSED_FUNCTION = YES;
				GCC_WARN_UNUSED_VARIABLE = YES;
				IPHONEOS_DEPLOYMENT_TARGET = 17.5;
				LOCALIZATION_PREFERS_STRING_CATALOGS = YES;
				MTL_ENABLE_DEBUG_INFO = INCLUDE_SOURCE;
				MTL_FAST_MATH = YES;
				ONLY_ACTIVE_ARCH = YES;
				SDKROOT = iphoneos;
				SWIFT_ACTIVE_COMPILATION_CONDITIONS = "DEBUG $(inherited)";
				SWIFT_OPTIMIZATION_LEVEL = "-Onone";
			};
			name = Debug;
		};
		EFF3A5A02C789CE000CEEDC5 /* Release */ = {
			isa = XCBuildConfiguration;
			buildSettings = {
				ALWAYS_SEARCH_USER_PATHS = NO;
				ASSETCATALOG_COMPILER_GENERATE_SWIFT_ASSET_SYMBOL_EXTENSIONS = YES;
				CLANG_ANALYZER_NONNULL = YES;
				CLANG_ANALYZER_NUMBER_OBJECT_CONVERSION = YES_AGGRESSIVE;
				CLANG_CXX_LANGUAGE_STANDARD = "gnu++20";
				CLANG_ENABLE_MODULES = YES;
				CLANG_ENABLE_OBJC_ARC = YES;
				CLANG_ENABLE_OBJC_WEAK = YES;
				CLANG_WARN_BLOCK_CAPTURE_AUTORELEASING = YES;
				CLANG_WARN_BOOL_CONVERSION = YES;
				CLANG_WARN_COMMA = YES;
				CLANG_WARN_CONSTANT_CONVERSION = YES;
				CLANG_WARN_DEPRECATED_OBJC_IMPLEMENTATIONS = YES;
				CLANG_WARN_DIRECT_OBJC_ISA_USAGE = YES_ERROR;
				CLANG_WARN_DOCUMENTATION_COMMENTS = YES;
				CLANG_WARN_EMPTY_BODY = YES;
				CLANG_WARN_ENUM_CONVERSION = YES;
				CLANG_WARN_INFINITE_RECURSION = YES;
				CLANG_WARN_INT_CONVERSION = YES;
				CLANG_WARN_NON_LITERAL_NULL_CONVERSION = YES;
				CLANG_WARN_OBJC_IMPLICIT_RETAIN_SELF = YES;
				CLANG_WARN_OBJC_LITERAL_CONVERSION = YES;
				CLANG_WARN_OBJC_ROOT_CLASS = YES_ERROR;
				CLANG_WARN_QUOTED_INCLUDE_IN_FRAMEWORK_HEADER = YES;
				CLANG_WARN_RANGE_LOOP_ANALYSIS = YES;
				CLANG_WARN_STRICT_PROTOTYPES = YES;
				CLANG_WARN_SUSPICIOUS_MOVE = YES;
				CLANG_WARN_UNGUARDED_AVAILABILITY = YES_AGGRESSIVE;
				CLANG_WARN_UNREACHABLE_CODE = YES;
				CLANG_WARN__DUPLICATE_METHOD_MATCH = YES;
				COPY_PHASE_STRIP = NO;
				DEBUG_INFORMATION_FORMAT = "dwarf-with-dsym";
				ENABLE_NS_ASSERTIONS = NO;
				ENABLE_STRICT_OBJC_MSGSEND = YES;
				ENABLE_USER_SCRIPT_SANDBOXING = YES;
				GCC_C_LANGUAGE_STANDARD = gnu17;
				GCC_NO_COMMON_BLOCKS = YES;
				GCC_WARN_64_TO_32_BIT_CONVERSION = YES;
				GCC_WARN_ABOUT_RETURN_TYPE = YES_ERROR;
				GCC_WARN_UNDECLARED_SELECTOR = YES;
				GCC_WARN_UNINITIALIZED_AUTOS = YES_AGGRESSIVE;
				GCC_WARN_UNUSED_FUNCTION = YES;
				GCC_WARN_UNUSED_VARIABLE = YES;
				IPHONEOS_DEPLOYMENT_TARGET = 17.5;
				LOCALIZATION_PREFERS_STRING_CATALOGS = YES;
				MTL_ENABLE_DEBUG_INFO = NO;
				MTL_FAST_MATH = YES;
				SDKROOT = iphoneos;
				SWIFT_COMPILATION_MODE = wholemodule;
				VALIDATE_PRODUCT = YES;
			};
			name = Release;
		};
		EFF3A5A22C789CE000CEEDC5 /* Debug */ = {
			isa = XCBuildConfiguration;
			buildSettings = {
				ASSETCATALOG_COMPILER_APPICON_NAME = AppIcon;
				ASSETCATALOG_COMPILER_GLOBAL_ACCENT_COLOR_NAME = AccentColor;
				CODE_SIGN_STYLE = Automatic;
				CURRENT_PROJECT_VERSION = 1;
				DEVELOPMENT_TEAM = 799L969K66;
				GENERATE_INFOPLIST_FILE = YES;
				INFOPLIST_FILE = UberClone/Info.plist;
				INFOPLIST_KEY_UIApplicationSupportsIndirectInputEvents = YES;
				INFOPLIST_KEY_UILaunchStoryboardName = LaunchScreen;
				INFOPLIST_KEY_UIMainStoryboardFile = Main;
				INFOPLIST_KEY_UISupportedInterfaceOrientations_iPad = "UIInterfaceOrientationPortrait UIInterfaceOrientationPortraitUpsideDown UIInterfaceOrientationLandscapeLeft UIInterfaceOrientationLandscapeRight";
				INFOPLIST_KEY_UISupportedInterfaceOrientations_iPhone = "UIInterfaceOrientationPortrait UIInterfaceOrientationLandscapeLeft UIInterfaceOrientationLandscapeRight";
				IPHONEOS_DEPLOYMENT_TARGET = 13.0;
				LD_RUNPATH_SEARCH_PATHS = (
					"$(inherited)",
					"@executable_path/Frameworks",
				);
				MARKETING_VERSION = 1.0;
				PRODUCT_BUNDLE_IDENTIFIER = handnew.UberClone;
				PRODUCT_NAME = "$(TARGET_NAME)";
				SWIFT_EMIT_LOC_STRINGS = YES;
				SWIFT_VERSION = 5.0;
				TARGETED_DEVICE_FAMILY = "1,2";
			};
			name = Debug;
		};
		EFF3A5A32C789CE000CEEDC5 /* Release */ = {
			isa = XCBuildConfiguration;
			buildSettings = {
				ASSETCATALOG_COMPILER_APPICON_NAME = AppIcon;
				ASSETCATALOG_COMPILER_GLOBAL_ACCENT_COLOR_NAME = AccentColor;
				CODE_SIGN_STYLE = Automatic;
				CURRENT_PROJECT_VERSION = 1;
				DEVELOPMENT_TEAM = 799L969K66;
				GENERATE_INFOPLIST_FILE = YES;
				INFOPLIST_FILE = UberClone/Info.plist;
				INFOPLIST_KEY_UIApplicationSupportsIndirectInputEvents = YES;
				INFOPLIST_KEY_UILaunchStoryboardName = LaunchScreen;
				INFOPLIST_KEY_UIMainStoryboardFile = Main;
				INFOPLIST_KEY_UISupportedInterfaceOrientations_iPad = "UIInterfaceOrientationPortrait UIInterfaceOrientationPortraitUpsideDown UIInterfaceOrientationLandscapeLeft UIInterfaceOrientationLandscapeRight";
				INFOPLIST_KEY_UISupportedInterfaceOrientations_iPhone = "UIInterfaceOrientationPortrait UIInterfaceOrientationLandscapeLeft UIInterfaceOrientationLandscapeRight";
				IPHONEOS_DEPLOYMENT_TARGET = 13.0;
				LD_RUNPATH_SEARCH_PATHS = (
					"$(inherited)",
					"@executable_path/Frameworks",
				);
				MARKETING_VERSION = 1.0;
				PRODUCT_BUNDLE_IDENTIFIER = handnew.UberClone;
				PRODUCT_NAME = "$(TARGET_NAME)";
				SWIFT_EMIT_LOC_STRINGS = YES;
				SWIFT_VERSION = 5.0;
				TARGETED_DEVICE_FAMILY = "1,2";
			};
			name = Release;
		};
/* End XCBuildConfiguration section */

/* Begin XCConfigurationList section */
		EFF3A5882C789CDF00CEEDC5 /* Build configuration list for PBXProject "UberClone" */ = {
			isa = XCConfigurationList;
			buildConfigurations = (
				EFF3A59F2C789CE000CEEDC5 /* Debug */,
				EFF3A5A02C789CE000CEEDC5 /* Release */,
			);
			defaultConfigurationIsVisible = 0;
			defaultConfigurationName = Release;
		};
		EFF3A5A12C789CE000CEEDC5 /* Build configuration list for PBXNativeTarget "UberClone" */ = {
			isa = XCConfigurationList;
			buildConfigurations = (
				EFF3A5A22C789CE000CEEDC5 /* Debug */,
				EFF3A5A32C789CE000CEEDC5 /* Release */,
			);
			defaultConfigurationIsVisible = 0;
			defaultConfigurationName = Release;
		};
/* End XCConfigurationList section */
	};
	rootObject = EFF3A5852C789CDF00CEEDC5 /* Project object */;
}
